# THIS IS AN AUTOGENERATED FILE. DO NOT EDIT THIS FILE DIRECTLY.
# yarn lockfile v1


"@sindresorhus/is@^0.11.0":
  version "0.11.0"
  resolved "https://registry.yarnpkg.com/@sindresorhus/is/-/is-0.11.0.tgz#a65970040a5b55c4713452666703b92a6c331fdb"
  dependencies:
    symbol-observable "^1.2.0"

cacheable-request@^4.0.1:
  version "4.0.1"
  resolved "https://registry.yarnpkg.com/cacheable-request/-/cacheable-request-4.0.1.tgz#c93bbb87d7c67c62738f2e336e4ff8e78d9533fa"
  dependencies:
    clone-response "^1.0.2"
    get-stream "^3.0.0"
    http-cache-semantics "^4.0.0"
    keyv "^3.0.0"
    lowercase-keys "^1.0.1"
    normalize-url "^3.1.0"
    responselike "^1.0.2"

clone-response@^1.0.2:
  version "1.0.2"
  resolved "https://registry.yarnpkg.com/clone-response/-/clone-response-1.0.2.tgz#d1dc973920314df67fbeb94223b4ee350239e96b"
  dependencies:
    mimic-response "^1.0.0"

decompress-response@^3.3.0:
  version "3.3.0"
  resolved "https://registry.yarnpkg.com/decompress-response/-/decompress-response-3.3.0.tgz#80a4dd323748384bfa248083622aedec982adff3"
  dependencies:
    mimic-response "^1.0.0"

duplexer3@^0.1.4:
  version "0.1.4"
  resolved "https://registry.yarnpkg.com/duplexer3/-/duplexer3-0.1.4.tgz#ee01dd1cac0ed3cbc7fdbea37dc0a8f1ce002ce2"

get-stream@^3.0.0:
  version "3.0.0"
  resolved "https://registry.yarnpkg.com/get-stream/-/get-stream-3.0.0.tgz#8e943d1358dc37555054ecbe2edb05aa174ede14"

got@^9.0.0:
  version "9.0.0"
  resolved "https://registry.yarnpkg.com/got/-/got-9.0.0.tgz#8673d2838adbac8a2e4a07e5772e238c701e9b7c"
  dependencies:
    "@sindresorhus/is" "^0.11.0"
    cacheable-request "^4.0.1"
    decompress-response "^3.3.0"
    duplexer3 "^0.1.4"
    get-stream "^3.0.0"
    mimic-response "^1.0.0"
    p-cancelable "^0.5.0"
    to-readable-stream "^1.0.0"
    url-parse-lax "^3.0.0"

http-cache-semantics@^4.0.0:
  version "4.0.0"
  resolved "https://registry.yarnpkg.com/http-cache-semantics/-/http-cache-semantics-4.0.0.tgz#2d0069a73c36c80e3297bc3a0cadd669b78a69ce"

japan-train-data@^0.6.0:
  version "0.6.0"
  resolved "https://registry.yarnpkg.com/japan-train-data/-/japan-train-data-0.6.0.tgz#455285a7405567006bf83a09fa773bbf8467fe5f"

json-buffer@3.0.0:
  version "3.0.0"
  resolved "https://registry.yarnpkg.com/json-buffer/-/json-buffer-3.0.0.tgz#5b1f397afc75d677bde8bcfc0e47e1f9a3d9a898"

keyv@^3.0.0:
  version "3.0.0"
  resolved "https://registry.yarnpkg.com/keyv/-/keyv-3.0.0.tgz#44923ba39e68b12a7cec7df6c3268c031f2ef373"
  dependencies:
    json-buffer "3.0.0"

lowercase-keys@^1.0.0, lowercase-keys@^1.0.1:
  version "1.0.1"
  resolved "https://registry.yarnpkg.com/lowercase-keys/-/lowercase-keys-1.0.1.tgz#6f9e30b47084d971a7c820ff15a6c5167b74c26f"

mimic-response@^1.0.0:
  version "1.0.1"
  resolved "https://registry.yarnpkg.com/mimic-response/-/mimic-response-1.0.1.tgz#4923538878eef42063cb8a3e3b0798781487ab1b"

normalize-url@^3.1.0:
  version "3.2.0"
  resolved "https://registry.yarnpkg.com/normalize-url/-/normalize-url-3.2.0.tgz#98d0948afc82829f374320f405fe9ca55a5f8567"

p-cancelable@^0.5.0:
  version "0.5.0"
  resolved "https://registry.yarnpkg.com/p-cancelable/-/p-cancelable-0.5.0.tgz#65b8dfbcacf27983421ee4c044ebf5e35816c7c8"

prepend-http@^2.0.0:
  version "2.0.0"
  resolved "https://registry.yarnpkg.com/prepend-http/-/prepend-http-2.0.0.tgz#e92434bfa5ea8c19f41cdfd401d741a3c819d897"

responselike@^1.0.2:
  version "1.0.2"
  resolved "https://registry.yarnpkg.com/responselike/-/responselike-1.0.2.tgz#918720ef3b631c5642be068f15ade5a46f4ba1e7"
  dependencies:
    lowercase-keys "^1.0.0"

split-array@^1.0.1:
  version "1.0.1"
  resolved "https://registry.yarnpkg.com/split-array/-/split-array-1.0.1.tgz#7d0c10366705f3aa4620529ab755bf7ed2220da1"

symbol-observable@^1.2.0:
  version "1.2.0"
  resolved "https://registry.yarnpkg.com/symbol-observable/-/symbol-observable-1.2.0.tgz#c22688aed4eab3cdc2dfeacbb561660560a00804"

to-readable-stream@^1.0.0:
  version "1.0.0"
  resolved "https://registry.yarnpkg.com/to-readable-stream/-/to-readable-stream-1.0.0.tgz#ce0aa0c2f3df6adf852efb404a783e77c0475771"

url-parse-lax@^3.0.0:
  version "3.0.0"
  resolved "https://registry.yarnpkg.com/url-parse-lax/-/url-parse-lax-3.0.0.tgz#16b5cafc07dbe3676c1b1999177823d6503acb0c"
  dependencies:
    prepend-http "^2.0.0"
